
Microsoft Visual Studio Solution File, Format Version 12.00
# Visual Studio Version 16
VisualStudioVersion = 16.0.29411.108
MinimumVisualStudioVersion = 10.0.40219.1
Project("{FAE04EC0-301F-11D3-BF4B-00C04F79EFBC}") = "webQLCF", "webQLCF\webQLCF.csproj", "{1A734C2D-992B-4243-9DFC-9719D42DA6DB}"
EndProject
Project("{FAE04EC0-301F-11D3-BF4B-00C04F79EFBC}") = "Model", "Demo\Model.csproj", "{854C9123-A476-4A3C-BD3B-80AB8C563286}"
EndProject
Project("{FAE04EC0-301F-11D3-BF4B-00C04F79EFBC}") = "Common", "Common\Common.csproj", "{EB48FE4E-CAB3-4739-8C9D-177F713A47A1}"
EndProject
Global
	GlobalSection(SolutionConfigurationPlatforms) = preSolution
		Debug|Any CPU = Debug|Any CPU
		Release|Any CPU = Release|Any CPU
	EndGlobalSection
	GlobalSection(ProjectConfigurationPlatforms) = postSolution
		{1A734C2D-992B-4243-9DFC-9719D42DA6DB}.Debug|Any CPU.ActiveCfg = Debug|Any CPU
		{1A734C2D-992B-4243-9DFC-9719D42DA6DB}.Debug|Any CPU.Build.0 = Debug|Any CPU
		{1A734C2D-992B-4243-9DFC-9719D42DA6DB}.Release|Any CPU.ActiveCfg = Release|Any CPU
		{1A734C2D-992B-4243-9DFC-9719D42DA6DB}.Release|Any CPU.Build.0 = Release|Any CPU
		{854C9123-A476-4A3C-BD3B-80AB8C563286}.Debug|Any CPU.ActiveCfg = Debug|Any CPU
		{854C9123-A476-4A3C-BD3B-80AB8C563286}.Debug|Any CPU.Build.0 = Debug|Any CPU
		{854C9123-A476-4A3C-BD3B-80AB8C563286}.Release|Any CPU.ActiveCfg = Release|Any CPU
		{854C9123-A476-4A3C-BD3B-80AB8C563286}.Release|Any CPU.Build.0 = Release|Any CPU
		{EB48FE4E-CAB3-4739-8C9D-177F713A47A1}.Debug|Any CPU.ActiveCfg = Debug|Any CPU
		{EB48FE4E-CAB3-4739-8C9D-177F713A47A1}.Debug|Any CPU.Build.0 = Debug|Any CPU
		{EB48FE4E-CAB3-4739-8C9D-177F713A47A1}.Release|Any CPU.ActiveCfg = Release|Any CPU
		{EB48FE4E-CAB3-4739-8C9D-177F713A47A1}.Release|Any CPU.Build.0 = Release|Any CPU
	EndGlobalSection
	GlobalSection(SolutionProperties) = preSolution
		HideSolutionNode = FALSE
	EndGlobalSection
	GlobalSection(ExtensibilityGlobals) = postSolution
		SolutionGuid = {AD61A53B-375C-4F7C-B2D7-78390F1031CF}
	EndGlobalSection
EndGlobal
